
Microsoft Visual Studio Solution File, Format Version 12.00
# Visual Studio Version 17
VisualStudioVersion = 17.14.36414.22 d17.14
MinimumVisualStudioVersion = 10.0.40219.1
Project("{FAE04EC0-301F-11D3-BF4B-00C04F79EFBC}") = "azure-app-trev-vs", "azure-app-trev-vs\azure-app-trev-vs.csproj", "{9E0E93B0-1D2E-4256-AA62-2A593DA0936C}"
EndProject
Global
	GlobalSection(SolutionConfigurationPlatforms) = preSolution
		Debug|Any CPU = Debug|Any CPU
		Release|Any CPU = Release|Any CPU
	EndGlobalSection
	GlobalSection(ProjectConfigurationPlatforms) = postSolution
		{9E0E93B0-1D2E-4256-AA62-2A593DA0936C}.Debug|Any CPU.ActiveCfg = Debug|Any CPU
		{9E0E93B0-1D2E-4256-AA62-2A593DA0936C}.Debug|Any CPU.Build.0 = Debug|Any CPU
		{9E0E93B0-1D2E-4256-AA62-2A593DA0936C}.Release|Any CPU.ActiveCfg = Release|Any CPU
		{9E0E93B0-1D2E-4256-AA62-2A593DA0936C}.Release|Any CPU.Build.0 = Release|Any CPU
	EndGlobalSection
	GlobalSection(SolutionProperties) = preSolution
		HideSolutionNode = FALSE
	EndGlobalSection
	GlobalSection(ExtensibilityGlobals) = postSolution
		SolutionGuid = {AA5A681B-9F28-4969-9AD9-2AFCA3FC1F74}
	EndGlobalSection
EndGlobal
